{
  "name": "smsgen",
  "version": "0.1.1",
  "lockfileVersion": 1,
  "requires": true,
  "dependencies": {
    "@types/ejs": {
      "version": "2.7.0",
      "resolved": "https://registry.npmjs.org/@types/ejs/-/ejs-2.7.0.tgz",
      "integrity": "sha512-kM2g9Fdk/du24fKuuQhA/LBleFR4Z4JP2MVKpLxQQSzofF1uJ06D+c05zfLDAkkDO55aEeNwJih0gHrE/Ci20A==",
      "dev": true
    },
    "@types/js-yaml": {
      "version": "3.12.3",
      "resolved": "https://registry.npmjs.org/@types/js-yaml/-/js-yaml-3.12.3.tgz",
      "integrity": "sha512-otRe77JNNWzoVGLKw8TCspKswRoQToys4tuL6XYVBFxjgeM0RUrx7m3jkaTdxILxeGry3zM8mGYkGXMeQ02guA==",
      "dev": true
    },
    "@types/node": {
      "version": "10.17.18",
      "resolved": "https://registry.npmjs.org/@types/node/-/node-10.17.18.tgz",
      "integrity": "sha512-DQ2hl/Jl3g33KuAUOcMrcAOtsbzb+y/ufakzAdeK9z/H/xsvkpbETZZbPNMIiQuk24f5ZRMCcZIViAwyFIiKmg==",
      "dev": true
    },
    "argparse": {
      "version": "1.0.10",
      "resolved": "https://registry.npmjs.org/argparse/-/argparse-1.0.10.tgz",
      "integrity": "sha512-o5Roy6tNG4SL/FOkCAN6RzjiakZS25RLYFrcMttJqbdd8BWrnA+fGz57iN5Pb06pvBGvl5gQ0B48dJlslXvoTg==",
      "requires": {
        "sprintf-js": "~1.0.2"
      }
    },
    "ejs": {
      "version": "2.7.4",
      "resolved": "https://registry.npmjs.org/ejs/-/ejs-2.7.4.tgz",
      "integrity": "sha512-7vmuyh5+kuUyJKePhQfRQBhXV5Ce+RnaeeQArKu1EAMpL3WbgMt5WG6uQZpEVvYSSsxMXRKOewtDk9RaTKXRlA=="
    },
    "esprima": {
      "version": "4.0.1",
      "resolved": "https://registry.npmjs.org/esprima/-/esprima-4.0.1.tgz",
      "integrity": "sha512-eGuFFw7Upda+g4p+QHvnW0RyTX/SVeJBDM/gCtMARO0cLuT2HcEKnTPvhjV6aGeqrCB/sbNop0Kszm0jsaWU4A=="
    },
    "js-yaml": {
      "version": "3.13.1",
      "resolved": "https://registry.npmjs.org/js-yaml/-/js-yaml-3.13.1.tgz",
      "integrity": "sha512-YfbcO7jXDdyj0DGxYVSlSeQNHbD7XPWvrVWeVUujrQEoZzWJIRrCPoyk6kL6IAjAG2IolMK4T0hNUe0HOUs5Jw==",
      "requires": {
        "argparse": "^1.0.7",
        "esprima": "^4.0.0"
      }
    },
    "sprintf-js": {
      "version": "1.0.3",
      "resolved": "http://registry.npmjs.org/sprintf-js/-/sprintf-js-1.0.3.tgz",
      "integrity": "sha1-BOaSb2YolTVPPdAVIDYzuFcpfiw="
    }
  }
}
